<?xml version="1.0" encoding="utf-8"?>
<Project ToolsVersion="4.0" xmlns="http://schemas.microsoft.com/developer/msbuild/2003">
  <ItemGroup>
    <ClCompile Include="main.cpp" />
    <ClCompile Include="stdafx.cpp" />
    <ClCompile Include="ui.cpp">
      <Filter>ui</Filter>
    </ClCompile>
    <ClCompile Include="ecs_graphics.cpp">
      <Filter>ecs</Filter>
    </ClCompile>
    <ClCompile Include="ui_bindings.cpp">
      <Filter>ui</Filter>
    </ClCompile>
    <ClCompile Include="map.cpp">
      <Filter>map</Filter>
    </ClCompile>
    <ClCompile Include="math_vectors.cpp">
      <Filter>math</Filter>
    </ClCompile>
    <ClCompile Include="audio.cpp">
      <Filter>audio</Filter>
    </ClCompile>
    <ClCompile Include="console.cpp">
      <Filter>console</Filter>
    </ClCompile>
    <ClCompile Include="console_commands.cpp">
      <Filter>console</Filter>
    </ClCompile>
    <ClCompile Include="physics_debug.cpp">
      <Filter>physics</Filter>
    </ClCompile>
    <ClCompile Include="behavior.cpp">
      <Filter>behavior</Filter>
    </ClCompile>
    <ClCompile Include="physics.cpp">
      <Filter>physics</Filter>
    </ClCompile>
    <ClCompile Include="ecs.cpp">
      <Filter>ecs</Filter>
    </ClCompile>
    <ClCompile Include="ecs_tiled.cpp">
      <Filter>ecs</Filter>
    </ClCompile>
    <ClCompile Include="RmlUi_Renderer_GL2_SFML.cpp">
      <Filter>ui\rml</Filter>
    </ClCompile>
    <ClCompile Include="RmlUi_Platform_SFML.cpp">
      <Filter>ui\rml</Filter>
    </ClCompile>
    <ClCompile Include="RmlUi_Renderer_GL2.cpp">
      <Filter>ui\rml</Filter>
    </ClCompile>
    <ClCompile Include="ecs_player.cpp">
      <Filter>ecs</Filter>
    </ClCompile>
    <ClCompile Include="ecs_physics.cpp">
      <Filter>ecs</Filter>
    </ClCompile>
    <ClCompile Include="window.cpp" />
    <ClCompile Include="ui_textbox.cpp">
      <Filter>ui</Filter>
    </ClCompile>
    <ClCompile Include="physics_helpers.cpp">
      <Filter>physics</Filter>
    </ClCompile>
    <ClCompile Include="data.cpp">
      <Filter>data</Filter>
    </ClCompile>
    <ClCompile Include="ecs_camera.cpp">
      <Filter>ecs</Filter>
    </ClCompile>
    <ClCompile Include="ecs_console_commands.cpp">
      <Filter>ecs</Filter>
    </ClCompile>
    <ClCompile Include="random_noise.cpp">
      <Filter>random</Filter>
    </ClCompile>
    <ClCompile Include="random.cpp">
      <Filter>random</Filter>
    </ClCompile>
    <ClCompile Include="tiled.cpp">
      <Filter>tiled</Filter>
    </ClCompile>
    <ClCompile Include="ui_hud.cpp">
      <Filter>ui</Filter>
    </ClCompile>
    <ClCompile Include="ui_textbox_presets.cpp">
      <Filter>ui</Filter>
    </ClCompile>
    <ClCompile Include="timer.cpp" />
    <ClCompile Include="ecs_ai_actions.cpp">
      <Filter>ecs\ai</Filter>
    </ClCompile>
    <ClCompile Include="ecs_ai_knowledge.cpp">
      <Filter>ecs\ai</Filter>
    </ClCompile>
    <ClCompile Include="ui_main_menu.cpp">
      <Filter>ui\menus</Filter>
    </ClCompile>
  </ItemGroup>
  <ItemGroup>
    <None Include="vcpkg.json" />
  </ItemGroup>
  <ItemGroup>
    <ClInclude Include="stdafx.h" />
    <ClInclude Include="ui.h">
      <Filter>ui</Filter>
    </ClInclude>
    <ClInclude Include="ecs_graphics.h">
      <Filter>ecs</Filter>
    </ClInclude>
    <ClInclude Include="ui_bindings.h">
      <Filter>ui</Filter>
    </ClInclude>
    <ClInclude Include="map.h">
      <Filter>map</Filter>
    </ClInclude>
    <ClInclude Include="math_vectors.h">
      <Filter>math</Filter>
    </ClInclude>
    <ClInclude Include="audio.h">
      <Filter>audio</Filter>
    </ClInclude>
    <ClInclude Include="console.h">
      <Filter>console</Filter>
    </ClInclude>
    <ClInclude Include="physics_debug.h">
      <Filter>physics</Filter>
    </ClInclude>
    <ClInclude Include="behavior.h">
      <Filter>behavior</Filter>
    </ClInclude>
    <ClInclude Include="physics.h">
      <Filter>physics</Filter>
    </ClInclude>
    <ClInclude Include="ecs.h">
      <Filter>ecs</Filter>
    </ClInclude>
    <ClInclude Include="ecs_tiled.h">
      <Filter>ecs</Filter>
    </ClInclude>
    <ClInclude Include="RmlUi_Renderer_GL2.h">
      <Filter>ui\rml</Filter>
    </ClInclude>
    <ClInclude Include="RmlUi_Include_Windows.h">
      <Filter>ui\rml</Filter>
    </ClInclude>
    <ClInclude Include="RmlUi_Platform_SFML.h">
      <Filter>ui\rml</Filter>
    </ClInclude>
    <ClInclude Include="RmlUi_Renderer_GL2_SFML.h">
      <Filter>ui\rml</Filter>
    </ClInclude>
    <ClInclude Include="ecs_player.h">
      <Filter>ecs</Filter>
    </ClInclude>
    <ClInclude Include="ecs_physics.h">
      <Filter>ecs</Filter>
    </ClInclude>
    <ClInclude Include="window.h" />
    <ClInclude Include="ui_textbox.h">
      <Filter>ui</Filter>
    </ClInclude>
    <ClInclude Include="defines.h" />
    <ClInclude Include="fmod_studio_common.h">
      <Filter>audio\fmod</Filter>
    </ClInclude>
    <ClInclude Include="fmod.h">
      <Filter>audio\fmod</Filter>
    </ClInclude>
    <ClInclude Include="fmod.hpp">
      <Filter>audio\fmod</Filter>
    </ClInclude>
    <ClInclude Include="fmod_codec.h">
      <Filter>audio\fmod</Filter>
    </ClInclude>
    <ClInclude Include="fmod_common.h">
      <Filter>audio\fmod</Filter>
    </ClInclude>
    <ClInclude Include="fmod_dsp.h">
      <Filter>audio\fmod</Filter>
    </ClInclude>
    <ClInclude Include="fmod_dsp_effects.h">
      <Filter>audio\fmod</Filter>
    </ClInclude>
    <ClInclude Include="fmod_errors.h">
      <Filter>audio\fmod</Filter>
    </ClInclude>
    <ClInclude Include="fmod_output.h">
      <Filter>audio\fmod</Filter>
    </ClInclude>
    <ClInclude Include="fmod_studio.h">
      <Filter>audio\fmod</Filter>
    </ClInclude>
    <ClInclude Include="fmod_studio.hpp">
      <Filter>audio\fmod</Filter>
    </ClInclude>
    <ClInclude Include="physics_helpers.h">
      <Filter>physics</Filter>
    </ClInclude>
    <ClInclude Include="data.h">
      <Filter>data</Filter>
    </ClInclude>
    <ClInclude Include="ecs_camera.h">
      <Filter>ecs</Filter>
    </ClInclude>
    <ClInclude Include="ecs_console_commands.h">
      <Filter>ecs</Filter>
    </ClInclude>
    <ClInclude Include="random_noise.h">
      <Filter>random</Filter>
    </ClInclude>
    <ClInclude Include="random.h">
      <Filter>random</Filter>
    </ClInclude>
    <ClInclude Include="tiled.h">
      <Filter>tiled</Filter>
    </ClInclude>
    <ClInclude Include="ui_hud.h">
      <Filter>ui</Filter>
    </ClInclude>
    <ClInclude Include="ui_textbox_presets.h">
      <Filter>ui</Filter>
    </ClInclude>
    <ClInclude Include="timer.h" />
    <ClInclude Include="ecs_ai_knowledge.h">
      <Filter>ecs\ai</Filter>
    </ClInclude>
    <ClInclude Include="ecs_ai_actions.h">
      <Filter>ecs\ai</Filter>
    </ClInclude>
    <ClInclude Include="ui_main_menu.h">
      <Filter>ui\menus</Filter>
    </ClInclude>
  </ItemGroup>
  <ItemGroup>
    <Filter Include="ecs">
      <UniqueIdentifier>{f1d0e233-c8b6-45ea-9899-c05d6aa201d9}</UniqueIdentifier>
    </Filter>
    <Filter Include="map">
      <UniqueIdentifier>{7ff8c929-179f-49c5-bccc-7bcfd599952e}</UniqueIdentifier>
    </Filter>
    <Filter Include="math">
      <UniqueIdentifier>{fff1760b-f79a-4c10-886f-a39f2230c48d}</UniqueIdentifier>
    </Filter>
    <Filter Include="audio">
      <UniqueIdentifier>{1da6159c-bc5a-43d9-9e98-d5e1e32a5579}</UniqueIdentifier>
    </Filter>
    <Filter Include="console">
      <UniqueIdentifier>{c1397a93-51e2-4458-ab20-242be6dbecef}</UniqueIdentifier>
    </Filter>
    <Filter Include="physics">
      <UniqueIdentifier>{27d29c38-832a-492b-a39c-7054ff93afad}</UniqueIdentifier>
    </Filter>
    <Filter Include="behavior">
      <UniqueIdentifier>{e9215716-816e-4e89-b7f4-716d8fb5a9d5}</UniqueIdentifier>
    </Filter>
    <Filter Include="ui">
      <UniqueIdentifier>{c3167945-45a3-4c9c-ad21-9950dd64fdfc}</UniqueIdentifier>
    </Filter>
    <Filter Include="ui\rml">
      <UniqueIdentifier>{134e0648-b6e8-466e-8524-bb93caffb9c3}</UniqueIdentifier>
    </Filter>
    <Filter Include="audio\fmod">
      <UniqueIdentifier>{d2d7a6c5-f26c-4ccc-af5d-7cb680bb2afd}</UniqueIdentifier>
    </Filter>
    <Filter Include="data">
      <UniqueIdentifier>{02ea1c31-4958-4d9d-8f28-c350f7884137}</UniqueIdentifier>
    </Filter>
    <Filter Include="random">
      <UniqueIdentifier>{fb500b78-a275-45ca-b853-96dc33ba7965}</UniqueIdentifier>
    </Filter>
    <Filter Include="tiled">
      <UniqueIdentifier>{6b60417d-4b8d-484b-a07f-0ba1149de84b}</UniqueIdentifier>
    </Filter>
    <Filter Include="ecs\ai">
      <UniqueIdentifier>{8d84feb1-0644-4d63-9c27-8bb43625fab1}</UniqueIdentifier>
    </Filter>
    <Filter Include="ui\menus">
      <UniqueIdentifier>{c8a89a7b-f7c4-4dcd-a177-dc7fa2fdff38}</UniqueIdentifier>
    </Filter>
  </ItemGroup>
</Project>