<?xml version="1.0" encoding="utf-8"?>
<Project ToolsVersion="4.0" xmlns="http://schemas.microsoft.com/developer/msbuild/2003">
  <ItemGroup>
    <ClCompile Include="main.cpp" />
    <ClCompile Include="stdafx.cpp" />
    <ClCompile Include="ui.cpp">
      <Filter>ui</Filter>
    </ClCompile>
    <ClCompile Include="ui_bindings.cpp">
      <Filter>ui</Filter>
    </ClCompile>
    <ClCompile Include="map.cpp">
      <Filter>map</Filter>
    </ClCompile>
    <ClCompile Include="math.cpp">
      <Filter>math</Filter>
    </ClCompile>
    <ClCompile Include="audio.cpp">
      <Filter>audio</Filter>
    </ClCompile>
    <ClCompile Include="console.cpp">
      <Filter>console</Filter>
    </ClCompile>
    <ClCompile Include="console_commands.cpp">
      <Filter>console</Filter>
    </ClCompile>
    <ClCompile Include="ecs.cpp">
      <Filter>ecs</Filter>
    </ClCompile>
    <ClCompile Include="ecs_common.cpp">
      <Filter>ecs</Filter>
    </ClCompile>
    <ClCompile Include="window.cpp" />
    <ClCompile Include="ui_textbox.cpp">
      <Filter>ui</Filter>
    </ClCompile>
    <ClCompile Include="physics_helpers.cpp">
      <Filter>physics</Filter>
    </ClCompile>
    <ClCompile Include="ecs_camera.cpp">
      <Filter>ecs</Filter>
    </ClCompile>
    <ClCompile Include="random.cpp">
      <Filter>random</Filter>
    </ClCompile>
    <ClCompile Include="tiled.cpp">
      <Filter>tiled</Filter>
    </ClCompile>
    <ClCompile Include="ui_hud.cpp">
      <Filter>ui</Filter>
    </ClCompile>
    <ClCompile Include="ui_textbox_presets.cpp">
      <Filter>ui</Filter>
    </ClCompile>
    <ClCompile Include="timer.cpp" />
    <ClCompile Include="ecs_ai_action.cpp">
      <Filter>ecs\ai</Filter>
    </ClCompile>
    <ClCompile Include="ecs_ai_knowledge.cpp">
      <Filter>ecs\ai</Filter>
    </ClCompile>
    <ClCompile Include="ecs_pickups.cpp">
      <Filter>ecs</Filter>
    </ClCompile>
    <ClCompile Include="dependencies\box2d\src\collision\b2_broad_phase.cpp">
      <Filter>physics\box2d</Filter>
    </ClCompile>
    <ClCompile Include="dependencies\box2d\src\collision\b2_chain_shape.cpp">
      <Filter>physics\box2d</Filter>
    </ClCompile>
    <ClCompile Include="dependencies\box2d\src\collision\b2_circle_shape.cpp">
      <Filter>physics\box2d</Filter>
    </ClCompile>
    <ClCompile Include="dependencies\box2d\src\collision\b2_collide_circle.cpp">
      <Filter>physics\box2d</Filter>
    </ClCompile>
    <ClCompile Include="dependencies\box2d\src\collision\b2_collide_edge.cpp">
      <Filter>physics\box2d</Filter>
    </ClCompile>
    <ClCompile Include="dependencies\box2d\src\collision\b2_collide_polygon.cpp">
      <Filter>physics\box2d</Filter>
    </ClCompile>
    <ClCompile Include="dependencies\box2d\src\collision\b2_collision.cpp">
      <Filter>physics\box2d</Filter>
    </ClCompile>
    <ClCompile Include="dependencies\box2d\src\collision\b2_distance.cpp">
      <Filter>physics\box2d</Filter>
    </ClCompile>
    <ClCompile Include="dependencies\box2d\src\collision\b2_dynamic_tree.cpp">
      <Filter>physics\box2d</Filter>
    </ClCompile>
    <ClCompile Include="dependencies\box2d\src\collision\b2_edge_shape.cpp">
      <Filter>physics\box2d</Filter>
    </ClCompile>
    <ClCompile Include="dependencies\box2d\src\collision\b2_polygon_shape.cpp">
      <Filter>physics\box2d</Filter>
    </ClCompile>
    <ClCompile Include="dependencies\box2d\src\collision\b2_time_of_impact.cpp">
      <Filter>physics\box2d</Filter>
    </ClCompile>
    <ClCompile Include="dependencies\box2d\src\common\b2_block_allocator.cpp">
      <Filter>physics\box2d</Filter>
    </ClCompile>
    <ClCompile Include="dependencies\box2d\src\common\b2_draw.cpp">
      <Filter>physics\box2d</Filter>
    </ClCompile>
    <ClCompile Include="dependencies\box2d\src\common\b2_math.cpp">
      <Filter>physics\box2d</Filter>
    </ClCompile>
    <ClCompile Include="dependencies\box2d\src\common\b2_settings.cpp">
      <Filter>physics\box2d</Filter>
    </ClCompile>
    <ClCompile Include="dependencies\box2d\src\common\b2_stack_allocator.cpp">
      <Filter>physics\box2d</Filter>
    </ClCompile>
    <ClCompile Include="dependencies\box2d\src\common\b2_timer.cpp">
      <Filter>physics\box2d</Filter>
    </ClCompile>
    <ClCompile Include="dependencies\box2d\src\dynamics\b2_body.cpp">
      <Filter>physics\box2d</Filter>
    </ClCompile>
    <ClCompile Include="dependencies\box2d\src\dynamics\b2_chain_circle_contact.cpp">
      <Filter>physics\box2d</Filter>
    </ClCompile>
    <ClCompile Include="dependencies\box2d\src\dynamics\b2_chain_polygon_contact.cpp">
      <Filter>physics\box2d</Filter>
    </ClCompile>
    <ClCompile Include="dependencies\box2d\src\dynamics\b2_circle_contact.cpp">
      <Filter>physics\box2d</Filter>
    </ClCompile>
    <ClCompile Include="dependencies\box2d\src\dynamics\b2_contact.cpp">
      <Filter>physics\box2d</Filter>
    </ClCompile>
    <ClCompile Include="dependencies\box2d\src\dynamics\b2_contact_manager.cpp">
      <Filter>physics\box2d</Filter>
    </ClCompile>
    <ClCompile Include="dependencies\box2d\src\dynamics\b2_contact_solver.cpp">
      <Filter>physics\box2d</Filter>
    </ClCompile>
    <ClCompile Include="dependencies\box2d\src\dynamics\b2_distance_joint.cpp">
      <Filter>physics\box2d</Filter>
    </ClCompile>
    <ClCompile Include="dependencies\box2d\src\dynamics\b2_edge_circle_contact.cpp">
      <Filter>physics\box2d</Filter>
    </ClCompile>
    <ClCompile Include="dependencies\box2d\src\dynamics\b2_edge_polygon_contact.cpp">
      <Filter>physics\box2d</Filter>
    </ClCompile>
    <ClCompile Include="dependencies\box2d\src\dynamics\b2_fixture.cpp">
      <Filter>physics\box2d</Filter>
    </ClCompile>
    <ClCompile Include="dependencies\box2d\src\dynamics\b2_friction_joint.cpp">
      <Filter>physics\box2d</Filter>
    </ClCompile>
    <ClCompile Include="dependencies\box2d\src\dynamics\b2_gear_joint.cpp">
      <Filter>physics\box2d</Filter>
    </ClCompile>
    <ClCompile Include="dependencies\box2d\src\dynamics\b2_island.cpp">
      <Filter>physics\box2d</Filter>
    </ClCompile>
    <ClCompile Include="dependencies\box2d\src\dynamics\b2_joint.cpp">
      <Filter>physics\box2d</Filter>
    </ClCompile>
    <ClCompile Include="dependencies\box2d\src\dynamics\b2_motor_joint.cpp">
      <Filter>physics\box2d</Filter>
    </ClCompile>
    <ClCompile Include="dependencies\box2d\src\dynamics\b2_mouse_joint.cpp">
      <Filter>physics\box2d</Filter>
    </ClCompile>
    <ClCompile Include="dependencies\box2d\src\dynamics\b2_polygon_circle_contact.cpp">
      <Filter>physics\box2d</Filter>
    </ClCompile>
    <ClCompile Include="dependencies\box2d\src\dynamics\b2_polygon_contact.cpp">
      <Filter>physics\box2d</Filter>
    </ClCompile>
    <ClCompile Include="dependencies\box2d\src\dynamics\b2_prismatic_joint.cpp">
      <Filter>physics\box2d</Filter>
    </ClCompile>
    <ClCompile Include="dependencies\box2d\src\dynamics\b2_pulley_joint.cpp">
      <Filter>physics\box2d</Filter>
    </ClCompile>
    <ClCompile Include="dependencies\box2d\src\dynamics\b2_revolute_joint.cpp">
      <Filter>physics\box2d</Filter>
    </ClCompile>
    <ClCompile Include="dependencies\box2d\src\dynamics\b2_weld_joint.cpp">
      <Filter>physics\box2d</Filter>
    </ClCompile>
    <ClCompile Include="dependencies\box2d\src\dynamics\b2_wheel_joint.cpp">
      <Filter>physics\box2d</Filter>
    </ClCompile>
    <ClCompile Include="dependencies\box2d\src\dynamics\b2_world.cpp">
      <Filter>physics\box2d</Filter>
    </ClCompile>
    <ClCompile Include="dependencies\box2d\src\dynamics\b2_world_callbacks.cpp">
      <Filter>physics\box2d</Filter>
    </ClCompile>
    <ClCompile Include="dependencies\box2d\src\rope\b2_rope.cpp">
      <Filter>physics\box2d</Filter>
    </ClCompile>
    <ClCompile Include="ecs_ai.cpp">
      <Filter>ecs\ai</Filter>
    </ClCompile>
    <ClCompile Include="ecs_physics.cpp">
      <Filter>ecs\physics</Filter>
    </ClCompile>
    <ClCompile Include="ecs_physics_filters.cpp">
      <Filter>ecs\physics</Filter>
    </ClCompile>
    <ClCompile Include="ui_rmlui_interfaces.cpp">
      <Filter>ui</Filter>
    </ClCompile>
    <ClCompile Include="postprocessing.cpp">
      <Filter>graphics</Filter>
    </ClCompile>
    <ClCompile Include="ui_menus.cpp">
      <Filter>ui</Filter>
    </ClCompile>
    <ClCompile Include="settings.cpp" />
    <ClCompile Include="fonts.cpp">
      <Filter>graphics</Filter>
    </ClCompile>
    <ClCompile Include="ecs_vfx.cpp">
      <Filter>ecs</Filter>
    </ClCompile>
    <ClCompile Include="ecs_physics_contacts.cpp">
      <Filter>ecs\physics</Filter>
    </ClCompile>
    <ClCompile Include="ecs_tile.cpp">
      <Filter>ecs</Filter>
    </ClCompile>
    <ClCompile Include="ecs_bomb.cpp">
      <Filter>ecs</Filter>
    </ClCompile>
    <ClCompile Include="ecs_player.cpp">
      <Filter>ecs\player</Filter>
    </ClCompile>
    <ClCompile Include="background.cpp">
      <Filter>graphics</Filter>
    </ClCompile>
    <ClCompile Include="cursor.cpp">
      <Filter>graphics</Filter>
    </ClCompile>
    <ClCompile Include="map_tilegrid.cpp">
      <Filter>map</Filter>
    </ClCompile>
    <ClCompile Include="steam.cpp">
      <Filter>steam</Filter>
    </ClCompile>
    <ClCompile Include="console_commands_misc.cpp">
      <Filter>console</Filter>
    </ClCompile>
    <ClCompile Include="debug_draw.cpp">
      <Filter>graphics</Filter>
    </ClCompile>
    <ClCompile Include="steam_server.cpp">
      <Filter>steam</Filter>
    </ClCompile>
    <ClCompile Include="console_commands_steam.cpp">
      <Filter>console</Filter>
    </ClCompile>
    <ClCompile Include="ecs_arrow.cpp">
      <Filter>ecs</Filter>
    </ClCompile>
    <ClCompile Include="map_entities.cpp">
      <Filter>map</Filter>
    </ClCompile>
    <ClCompile Include="ecs_damage.cpp">
      <Filter>ecs</Filter>
    </ClCompile>
    <ClCompile Include="sprites.cpp">
      <Filter>graphics</Filter>
    </ClCompile>
    <ClCompile Include="graphics.cpp">
      <Filter>graphics</Filter>
    </ClCompile>
    <ClCompile Include="steam_client.cpp">
      <Filter>steam</Filter>
    </ClCompile>
    <ClCompile Include="easings.cpp">
      <Filter>math</Filter>
    </ClCompile>
    <ClCompile Include="ecs_portal.cpp">
      <Filter>ecs</Filter>
    </ClCompile>
    <ClCompile Include="ecs_character.cpp">
      <Filter>ecs</Filter>
    </ClCompile>
    <ClCompile Include="dependencies\glad\glad.c">
      <Filter>graphics\glad</Filter>
    </ClCompile>
  </ItemGroup>
  <ItemGroup>
    <None Include="vcpkg.json" />
    <None Include="shockwave.frag">
      <Filter>graphics\shaders</Filter>
    </None>
    <None Include="player.frag">
      <Filter>graphics\shaders</Filter>
    </None>
    <None Include="grass.frag">
      <Filter>graphics\shaders</Filter>
    </None>
    <None Include="darkness.frag">
      <Filter>graphics\shaders</Filter>
    </None>
    <None Include="bake_character.frag">
      <Filter>graphics\shaders</Filter>
    </None>
    <None Include="checkerboard.frag">
      <Filter>graphics\shaders</Filter>
    </None>
    <None Include="gaussian_blur_hor.frag">
      <Filter>graphics\shaders</Filter>
    </None>
    <None Include="gaussian_blur_ver.frag">
      <Filter>graphics\shaders</Filter>
    </None>
    <None Include="screen_transition.frag">
      <Filter>graphics\shaders</Filter>
    </None>
  </ItemGroup>
  <ItemGroup>
    <ClInclude Include="stdafx.h" />
    <ClInclude Include="ui.h">
      <Filter>ui</Filter>
    </ClInclude>
    <ClInclude Include="ui_bindings.h">
      <Filter>ui</Filter>
    </ClInclude>
    <ClInclude Include="map.h">
      <Filter>map</Filter>
    </ClInclude>
    <ClInclude Include="math.h">
      <Filter>math</Filter>
    </ClInclude>
    <ClInclude Include="audio.h">
      <Filter>audio</Filter>
    </ClInclude>
    <ClInclude Include="console.h">
      <Filter>console</Filter>
    </ClInclude>
    <ClInclude Include="ecs.h">
      <Filter>ecs</Filter>
    </ClInclude>
    <ClInclude Include="ecs_common.h">
      <Filter>ecs</Filter>
    </ClInclude>
    <ClInclude Include="window.h" />
    <ClInclude Include="ui_textbox.h">
      <Filter>ui</Filter>
    </ClInclude>
    <ClInclude Include="physics_helpers.h">
      <Filter>physics</Filter>
    </ClInclude>
    <ClInclude Include="ecs_camera.h">
      <Filter>ecs</Filter>
    </ClInclude>
    <ClInclude Include="random.h">
      <Filter>random</Filter>
    </ClInclude>
    <ClInclude Include="tiled.h">
      <Filter>tiled</Filter>
    </ClInclude>
    <ClInclude Include="ui_hud.h">
      <Filter>ui</Filter>
    </ClInclude>
    <ClInclude Include="timer.h" />
    <ClInclude Include="ecs_ai_knowledge.h">
      <Filter>ecs\ai</Filter>
    </ClInclude>
    <ClInclude Include="ecs_ai_action.h">
      <Filter>ecs\ai</Filter>
    </ClInclude>
    <ClInclude Include="ecs_arrow.h">
      <Filter>ecs</Filter>
    </ClInclude>
    <ClInclude Include="ecs_pickups.h">
      <Filter>ecs</Filter>
    </ClInclude>
    <ClInclude Include="dependencies\box2d\include\box2d\b2_api.h">
      <Filter>physics\box2d</Filter>
    </ClInclude>
    <ClInclude Include="dependencies\box2d\include\box2d\b2_block_allocator.h">
      <Filter>physics\box2d</Filter>
    </ClInclude>
    <ClInclude Include="dependencies\box2d\include\box2d\b2_body.h">
      <Filter>physics\box2d</Filter>
    </ClInclude>
    <ClInclude Include="dependencies\box2d\include\box2d\b2_broad_phase.h">
      <Filter>physics\box2d</Filter>
    </ClInclude>
    <ClInclude Include="dependencies\box2d\include\box2d\b2_chain_shape.h">
      <Filter>physics\box2d</Filter>
    </ClInclude>
    <ClInclude Include="dependencies\box2d\include\box2d\b2_circle_shape.h">
      <Filter>physics\box2d</Filter>
    </ClInclude>
    <ClInclude Include="dependencies\box2d\include\box2d\b2_collision.h">
      <Filter>physics\box2d</Filter>
    </ClInclude>
    <ClInclude Include="dependencies\box2d\include\box2d\b2_common.h">
      <Filter>physics\box2d</Filter>
    </ClInclude>
    <ClInclude Include="dependencies\box2d\include\box2d\b2_contact.h">
      <Filter>physics\box2d</Filter>
    </ClInclude>
    <ClInclude Include="dependencies\box2d\include\box2d\b2_contact_manager.h">
      <Filter>physics\box2d</Filter>
    </ClInclude>
    <ClInclude Include="dependencies\box2d\include\box2d\b2_distance.h">
      <Filter>physics\box2d</Filter>
    </ClInclude>
    <ClInclude Include="dependencies\box2d\include\box2d\b2_distance_joint.h">
      <Filter>physics\box2d</Filter>
    </ClInclude>
    <ClInclude Include="dependencies\box2d\include\box2d\b2_draw.h">
      <Filter>physics\box2d</Filter>
    </ClInclude>
    <ClInclude Include="dependencies\box2d\include\box2d\b2_dynamic_tree.h">
      <Filter>physics\box2d</Filter>
    </ClInclude>
    <ClInclude Include="dependencies\box2d\include\box2d\b2_edge_shape.h">
      <Filter>physics\box2d</Filter>
    </ClInclude>
    <ClInclude Include="dependencies\box2d\include\box2d\b2_fixture.h">
      <Filter>physics\box2d</Filter>
    </ClInclude>
    <ClInclude Include="dependencies\box2d\include\box2d\b2_friction_joint.h">
      <Filter>physics\box2d</Filter>
    </ClInclude>
    <ClInclude Include="dependencies\box2d\include\box2d\b2_gear_joint.h">
      <Filter>physics\box2d</Filter>
    </ClInclude>
    <ClInclude Include="dependencies\box2d\include\box2d\b2_growable_stack.h">
      <Filter>physics\box2d</Filter>
    </ClInclude>
    <ClInclude Include="dependencies\box2d\include\box2d\b2_joint.h">
      <Filter>physics\box2d</Filter>
    </ClInclude>
    <ClInclude Include="dependencies\box2d\include\box2d\b2_math.h">
      <Filter>physics\box2d</Filter>
    </ClInclude>
    <ClInclude Include="dependencies\box2d\include\box2d\b2_motor_joint.h">
      <Filter>physics\box2d</Filter>
    </ClInclude>
    <ClInclude Include="dependencies\box2d\include\box2d\b2_mouse_joint.h">
      <Filter>physics\box2d</Filter>
    </ClInclude>
    <ClInclude Include="dependencies\box2d\include\box2d\b2_polygon_shape.h">
      <Filter>physics\box2d</Filter>
    </ClInclude>
    <ClInclude Include="dependencies\box2d\include\box2d\b2_prismatic_joint.h">
      <Filter>physics\box2d</Filter>
    </ClInclude>
    <ClInclude Include="dependencies\box2d\include\box2d\b2_pulley_joint.h">
      <Filter>physics\box2d</Filter>
    </ClInclude>
    <ClInclude Include="dependencies\box2d\include\box2d\b2_revolute_joint.h">
      <Filter>physics\box2d</Filter>
    </ClInclude>
    <ClInclude Include="dependencies\box2d\include\box2d\b2_rope.h">
      <Filter>physics\box2d</Filter>
    </ClInclude>
    <ClInclude Include="dependencies\box2d\include\box2d\b2_settings.h">
      <Filter>physics\box2d</Filter>
    </ClInclude>
    <ClInclude Include="dependencies\box2d\include\box2d\b2_shape.h">
      <Filter>physics\box2d</Filter>
    </ClInclude>
    <ClInclude Include="dependencies\box2d\include\box2d\b2_stack_allocator.h">
      <Filter>physics\box2d</Filter>
    </ClInclude>
    <ClInclude Include="dependencies\box2d\include\box2d\b2_time_of_impact.h">
      <Filter>physics\box2d</Filter>
    </ClInclude>
    <ClInclude Include="dependencies\box2d\include\box2d\b2_time_step.h">
      <Filter>physics\box2d</Filter>
    </ClInclude>
    <ClInclude Include="dependencies\box2d\include\box2d\b2_timer.h">
      <Filter>physics\box2d</Filter>
    </ClInclude>
    <ClInclude Include="dependencies\box2d\include\box2d\b2_types.h">
      <Filter>physics\box2d</Filter>
    </ClInclude>
    <ClInclude Include="dependencies\box2d\include\box2d\b2_weld_joint.h">
      <Filter>physics\box2d</Filter>
    </ClInclude>
    <ClInclude Include="dependencies\box2d\include\box2d\b2_wheel_joint.h">
      <Filter>physics\box2d</Filter>
    </ClInclude>
    <ClInclude Include="dependencies\box2d\include\box2d\b2_world.h">
      <Filter>physics\box2d</Filter>
    </ClInclude>
    <ClInclude Include="dependencies\box2d\include\box2d\b2_world_callbacks.h">
      <Filter>physics\box2d</Filter>
    </ClInclude>
    <ClInclude Include="dependencies\box2d\include\box2d\box2d.h">
      <Filter>physics\box2d</Filter>
    </ClInclude>
    <ClInclude Include="dependencies\box2d\src\dynamics\b2_chain_circle_contact.h">
      <Filter>physics\box2d</Filter>
    </ClInclude>
    <ClInclude Include="dependencies\box2d\src\dynamics\b2_chain_polygon_contact.h">
      <Filter>physics\box2d</Filter>
    </ClInclude>
    <ClInclude Include="dependencies\box2d\src\dynamics\b2_circle_contact.h">
      <Filter>physics\box2d</Filter>
    </ClInclude>
    <ClInclude Include="dependencies\box2d\src\dynamics\b2_contact_solver.h">
      <Filter>physics\box2d</Filter>
    </ClInclude>
    <ClInclude Include="dependencies\box2d\src\dynamics\b2_edge_circle_contact.h">
      <Filter>physics\box2d</Filter>
    </ClInclude>
    <ClInclude Include="dependencies\box2d\src\dynamics\b2_edge_polygon_contact.h">
      <Filter>physics\box2d</Filter>
    </ClInclude>
    <ClInclude Include="dependencies\box2d\src\dynamics\b2_island.h">
      <Filter>physics\box2d</Filter>
    </ClInclude>
    <ClInclude Include="dependencies\box2d\src\dynamics\b2_polygon_circle_contact.h">
      <Filter>physics\box2d</Filter>
    </ClInclude>
    <ClInclude Include="dependencies\box2d\src\dynamics\b2_polygon_contact.h">
      <Filter>physics\box2d</Filter>
    </ClInclude>
    <ClInclude Include="dependencies\box2d\include\box2d\b2_user_settings.h">
      <Filter>physics</Filter>
    </ClInclude>
    <ClInclude Include="ecs_ai.h">
      <Filter>ecs\ai</Filter>
    </ClInclude>
    <ClInclude Include="ecs_physics.h">
      <Filter>ecs\physics</Filter>
    </ClInclude>
    <ClInclude Include="ecs_physics_filters.h">
      <Filter>ecs\physics</Filter>
    </ClInclude>
    <ClInclude Include="ui_rmlui_interfaces.h">
      <Filter>ui</Filter>
    </ClInclude>
    <ClInclude Include="postprocessing.h">
      <Filter>graphics</Filter>
    </ClInclude>
    <ClInclude Include="ui_menus.h">
      <Filter>ui</Filter>
    </ClInclude>
    <ClInclude Include="settings.h" />
    <ClInclude Include="fonts.h">
      <Filter>graphics</Filter>
    </ClInclude>
    <ClInclude Include="ecs_vfx.h">
      <Filter>ecs</Filter>
    </ClInclude>
    <ClInclude Include="ecs_physics_contacts.h">
      <Filter>ecs\physics</Filter>
    </ClInclude>
    <ClInclude Include="ecs_tile.h">
      <Filter>ecs</Filter>
    </ClInclude>
    <ClInclude Include="ecs_bomb.h">
      <Filter>ecs</Filter>
    </ClInclude>
    <ClInclude Include="properties.h" />
    <ClInclude Include="ecs_player.h">
      <Filter>ecs\player</Filter>
    </ClInclude>
    <ClInclude Include="background.h">
      <Filter>graphics</Filter>
    </ClInclude>
    <ClInclude Include="cursor.h">
      <Filter>graphics</Filter>
    </ClInclude>
    <ClInclude Include="map_tilegrid.h">
      <Filter>map</Filter>
    </ClInclude>
    <ClInclude Include="dependencies\steam\isteamapps.h">
      <Filter>steam\api</Filter>
    </ClInclude>
    <ClInclude Include="dependencies\steam\isteamappticket.h">
      <Filter>steam\api</Filter>
    </ClInclude>
    <ClInclude Include="dependencies\steam\isteamclient.h">
      <Filter>steam\api</Filter>
    </ClInclude>
    <ClInclude Include="dependencies\steam\isteamcontroller.h">
      <Filter>steam\api</Filter>
    </ClInclude>
    <ClInclude Include="dependencies\steam\isteamdualsense.h">
      <Filter>steam\api</Filter>
    </ClInclude>
    <ClInclude Include="dependencies\steam\isteamfriends.h">
      <Filter>steam\api</Filter>
    </ClInclude>
    <ClInclude Include="dependencies\steam\isteamgamecoordinator.h">
      <Filter>steam\api</Filter>
    </ClInclude>
    <ClInclude Include="dependencies\steam\isteamgameserver.h">
      <Filter>steam\api</Filter>
    </ClInclude>
    <ClInclude Include="dependencies\steam\isteamgameserverstats.h">
      <Filter>steam\api</Filter>
    </ClInclude>
    <ClInclude Include="dependencies\steam\isteamhtmlsurface.h">
      <Filter>steam\api</Filter>
    </ClInclude>
    <ClInclude Include="dependencies\steam\isteamhttp.h">
      <Filter>steam\api</Filter>
    </ClInclude>
    <ClInclude Include="dependencies\steam\isteaminput.h">
      <Filter>steam\api</Filter>
    </ClInclude>
    <ClInclude Include="dependencies\steam\isteaminventory.h">
      <Filter>steam\api</Filter>
    </ClInclude>
    <ClInclude Include="dependencies\steam\isteammatchmaking.h">
      <Filter>steam\api</Filter>
    </ClInclude>
    <ClInclude Include="dependencies\steam\isteammusic.h">
      <Filter>steam\api</Filter>
    </ClInclude>
    <ClInclude Include="dependencies\steam\isteammusicremote.h">
      <Filter>steam\api</Filter>
    </ClInclude>
    <ClInclude Include="dependencies\steam\isteamnetworking.h">
      <Filter>steam\api</Filter>
    </ClInclude>
    <ClInclude Include="dependencies\steam\isteamnetworkingmessages.h">
      <Filter>steam\api</Filter>
    </ClInclude>
    <ClInclude Include="dependencies\steam\isteamnetworkingsockets.h">
      <Filter>steam\api</Filter>
    </ClInclude>
    <ClInclude Include="dependencies\steam\isteamnetworkingutils.h">
      <Filter>steam\api</Filter>
    </ClInclude>
    <ClInclude Include="dependencies\steam\isteamparentalsettings.h">
      <Filter>steam\api</Filter>
    </ClInclude>
    <ClInclude Include="dependencies\steam\isteamps3overlayrenderer.h">
      <Filter>steam\api</Filter>
    </ClInclude>
    <ClInclude Include="dependencies\steam\isteamremoteplay.h">
      <Filter>steam\api</Filter>
    </ClInclude>
    <ClInclude Include="dependencies\steam\isteamremotestorage.h">
      <Filter>steam\api</Filter>
    </ClInclude>
    <ClInclude Include="dependencies\steam\isteamscreenshots.h">
      <Filter>steam\api</Filter>
    </ClInclude>
    <ClInclude Include="dependencies\steam\isteamugc.h">
      <Filter>steam\api</Filter>
    </ClInclude>
    <ClInclude Include="dependencies\steam\isteamuser.h">
      <Filter>steam\api</Filter>
    </ClInclude>
    <ClInclude Include="dependencies\steam\isteamuserstats.h">
      <Filter>steam\api</Filter>
    </ClInclude>
    <ClInclude Include="dependencies\steam\isteamutils.h">
      <Filter>steam\api</Filter>
    </ClInclude>
    <ClInclude Include="dependencies\steam\isteamvideo.h">
      <Filter>steam\api</Filter>
    </ClInclude>
    <ClInclude Include="dependencies\steam\matchmakingtypes.h">
      <Filter>steam\api</Filter>
    </ClInclude>
    <ClInclude Include="dependencies\steam\steam_api.h">
      <Filter>steam\api</Filter>
    </ClInclude>
    <ClInclude Include="dependencies\steam\steam_api_common.h">
      <Filter>steam\api</Filter>
    </ClInclude>
    <ClInclude Include="dependencies\steam\steam_api_flat.h">
      <Filter>steam\api</Filter>
    </ClInclude>
    <ClInclude Include="dependencies\steam\steam_api_internal.h">
      <Filter>steam\api</Filter>
    </ClInclude>
    <ClInclude Include="dependencies\steam\steam_gameserver.h">
      <Filter>steam\api</Filter>
    </ClInclude>
    <ClInclude Include="dependencies\steam\steamclientpublic.h">
      <Filter>steam\api</Filter>
    </ClInclude>
    <ClInclude Include="dependencies\steam\steamencryptedappticket.h">
      <Filter>steam\api</Filter>
    </ClInclude>
    <ClInclude Include="dependencies\steam\steamhttpenums.h">
      <Filter>steam\api</Filter>
    </ClInclude>
    <ClInclude Include="dependencies\steam\steamnetworkingfakeip.h">
      <Filter>steam\api</Filter>
    </ClInclude>
    <ClInclude Include="dependencies\steam\steamnetworkingtypes.h">
      <Filter>steam\api</Filter>
    </ClInclude>
    <ClInclude Include="dependencies\steam\steamps3params.h">
      <Filter>steam\api</Filter>
    </ClInclude>
    <ClInclude Include="dependencies\steam\steamtypes.h">
      <Filter>steam\api</Filter>
    </ClInclude>
    <ClInclude Include="dependencies\steam\steamuniverse.h">
      <Filter>steam\api</Filter>
    </ClInclude>
    <ClInclude Include="steam.h">
      <Filter>steam</Filter>
    </ClInclude>
    <ClInclude Include="dependencies\fmod\fmod.h">
      <Filter>audio\fmod</Filter>
    </ClInclude>
    <ClInclude Include="dependencies\fmod\fmod.hpp">
      <Filter>audio\fmod</Filter>
    </ClInclude>
    <ClInclude Include="dependencies\fmod\fmod_codec.h">
      <Filter>audio\fmod</Filter>
    </ClInclude>
    <ClInclude Include="dependencies\fmod\fmod_common.h">
      <Filter>audio\fmod</Filter>
    </ClInclude>
    <ClInclude Include="dependencies\fmod\fmod_dsp.h">
      <Filter>audio\fmod</Filter>
    </ClInclude>
    <ClInclude Include="dependencies\fmod\fmod_dsp_effects.h">
      <Filter>audio\fmod</Filter>
    </ClInclude>
    <ClInclude Include="dependencies\fmod\fmod_errors.h">
      <Filter>audio\fmod</Filter>
    </ClInclude>
    <ClInclude Include="dependencies\fmod\fmod_output.h">
      <Filter>audio\fmod</Filter>
    </ClInclude>
    <ClInclude Include="dependencies\fmod\fmod_studio.h">
      <Filter>audio\fmod</Filter>
    </ClInclude>
    <ClInclude Include="dependencies\fmod\fmod_studio.hpp">
      <Filter>audio\fmod</Filter>
    </ClInclude>
    <ClInclude Include="dependencies\fmod\fmod_studio_common.h">
      <Filter>audio\fmod</Filter>
    </ClInclude>
    <ClInclude Include="console_commands.h">
      <Filter>console</Filter>
    </ClInclude>
    <ClInclude Include="debug_draw.h">
      <Filter>graphics</Filter>
    </ClInclude>
    <ClInclude Include="steam_server.h">
      <Filter>steam</Filter>
    </ClInclude>
    <ClInclude Include="map_entities.h">
      <Filter>map</Filter>
    </ClInclude>
    <ClInclude Include="ecs_damage.h">
      <Filter>ecs</Filter>
    </ClInclude>
    <ClInclude Include="sprites.h">
      <Filter>graphics</Filter>
    </ClInclude>
    <ClInclude Include="graphics.h">
      <Filter>graphics</Filter>
    </ClInclude>
    <ClInclude Include="steam_client.h">
      <Filter>steam</Filter>
    </ClInclude>
    <ClInclude Include="easings.h">
      <Filter>math</Filter>
    </ClInclude>
    <ClInclude Include="ecs_portal.h">
      <Filter>ecs</Filter>
    </ClInclude>
    <ClInclude Include="ecs_character.h">
      <Filter>ecs</Filter>
    </ClInclude>
    <ClInclude Include="dependencies\glad\glad.h">
      <Filter>graphics\glad</Filter>
    </ClInclude>
    <ClInclude Include="dependencies\glad\khrplatform.h">
      <Filter>graphics\glad</Filter>
    </ClInclude>
  </ItemGroup>
  <ItemGroup>
    <Filter Include="ecs">
      <UniqueIdentifier>{f1d0e233-c8b6-45ea-9899-c05d6aa201d9}</UniqueIdentifier>
    </Filter>
    <Filter Include="map">
      <UniqueIdentifier>{7ff8c929-179f-49c5-bccc-7bcfd599952e}</UniqueIdentifier>
    </Filter>
    <Filter Include="math">
      <UniqueIdentifier>{fff1760b-f79a-4c10-886f-a39f2230c48d}</UniqueIdentifier>
    </Filter>
    <Filter Include="audio">
      <UniqueIdentifier>{1da6159c-bc5a-43d9-9e98-d5e1e32a5579}</UniqueIdentifier>
    </Filter>
    <Filter Include="console">
      <UniqueIdentifier>{c1397a93-51e2-4458-ab20-242be6dbecef}</UniqueIdentifier>
    </Filter>
    <Filter Include="physics">
      <UniqueIdentifier>{27d29c38-832a-492b-a39c-7054ff93afad}</UniqueIdentifier>
    </Filter>
    <Filter Include="ui">
      <UniqueIdentifier>{c3167945-45a3-4c9c-ad21-9950dd64fdfc}</UniqueIdentifier>
    </Filter>
    <Filter Include="audio\fmod">
      <UniqueIdentifier>{d2d7a6c5-f26c-4ccc-af5d-7cb680bb2afd}</UniqueIdentifier>
    </Filter>
    <Filter Include="random">
      <UniqueIdentifier>{fb500b78-a275-45ca-b853-96dc33ba7965}</UniqueIdentifier>
    </Filter>
    <Filter Include="tiled">
      <UniqueIdentifier>{6b60417d-4b8d-484b-a07f-0ba1149de84b}</UniqueIdentifier>
    </Filter>
    <Filter Include="ecs\ai">
      <UniqueIdentifier>{8d84feb1-0644-4d63-9c27-8bb43625fab1}</UniqueIdentifier>
    </Filter>
    <Filter Include="physics\box2d">
      <UniqueIdentifier>{866076fd-537d-4e00-afca-8a89f23366a8}</UniqueIdentifier>
    </Filter>
    <Filter Include="ecs\physics">
      <UniqueIdentifier>{bb288391-6986-45d7-944a-5e3ef8ad4dd0}</UniqueIdentifier>
    </Filter>
    <Filter Include="graphics">
      <UniqueIdentifier>{cd3119d2-6df6-4778-bf8a-2ac760001e68}</UniqueIdentifier>
    </Filter>
    <Filter Include="graphics\shaders">
      <UniqueIdentifier>{fecc6edd-667c-49f6-adf9-57600b3c48af}</UniqueIdentifier>
    </Filter>
    <Filter Include="ecs\player">
      <UniqueIdentifier>{db0d950d-591f-470a-935b-0082a4e1b134}</UniqueIdentifier>
    </Filter>
    <Filter Include="steam">
      <UniqueIdentifier>{029569e4-8e84-4e37-99f3-3b57c5057e89}</UniqueIdentifier>
    </Filter>
    <Filter Include="steam\api">
      <UniqueIdentifier>{d3ef2347-9886-432b-9205-5a7bb0ae438e}</UniqueIdentifier>
    </Filter>
    <Filter Include="graphics\glad">
      <UniqueIdentifier>{cd7f8e4f-c12d-4cba-a8fe-9d0810bc25d5}</UniqueIdentifier>
    </Filter>
  </ItemGroup>
</Project>