<?xml version="1.0" encoding="utf-8"?>
<Project ToolsVersion="4.0" xmlns="http://schemas.microsoft.com/developer/msbuild/2003">
  <ItemGroup>
    <ClCompile Include="main.cpp" />
    <ClCompile Include="stdafx.cpp" />
    <ClCompile Include="ui.cpp">
      <Filter>ui</Filter>
    </ClCompile>
    <ClCompile Include="ecs_tiles.cpp">
      <Filter>ecs</Filter>
    </ClCompile>
    <ClCompile Include="ui_bindings.cpp">
      <Filter>ui</Filter>
    </ClCompile>
    <ClCompile Include="map.cpp">
      <Filter>map</Filter>
    </ClCompile>
    <ClCompile Include="math_vectors.cpp">
      <Filter>math</Filter>
    </ClCompile>
    <ClCompile Include="audio.cpp">
      <Filter>audio</Filter>
    </ClCompile>
    <ClCompile Include="console.cpp">
      <Filter>console</Filter>
    </ClCompile>
    <ClCompile Include="console_commands.cpp">
      <Filter>console</Filter>
    </ClCompile>
    <ClCompile Include="physics_debug.cpp">
      <Filter>physics</Filter>
    </ClCompile>
    <ClCompile Include="behavior.cpp">
      <Filter>behavior</Filter>
    </ClCompile>
    <ClCompile Include="physics.cpp">
      <Filter>physics</Filter>
    </ClCompile>
    <ClCompile Include="ecs.cpp">
      <Filter>ecs</Filter>
    </ClCompile>
    <ClCompile Include="behavior_nodes.cpp">
      <Filter>behavior</Filter>
    </ClCompile>
    <ClCompile Include="ecs_common.cpp">
      <Filter>ecs</Filter>
    </ClCompile>
    <ClCompile Include="map_internal.cpp">
      <Filter>map</Filter>
    </ClCompile>
    <ClCompile Include="ecs_behaviors.cpp">
      <Filter>ecs</Filter>
    </ClCompile>
    <ClCompile Include="RmlUi_Renderer_GL2_SFML.cpp">
      <Filter>ui\rml</Filter>
    </ClCompile>
    <ClCompile Include="RmlUi_Platform_SFML.cpp">
      <Filter>ui\rml</Filter>
    </ClCompile>
    <ClCompile Include="RmlUi_Renderer_GL2.cpp">
      <Filter>ui\rml</Filter>
    </ClCompile>
    <ClCompile Include="ecs_player.cpp">
      <Filter>ecs</Filter>
    </ClCompile>
    <ClCompile Include="ecs_physics.cpp">
      <Filter>ecs</Filter>
    </ClCompile>
    <ClCompile Include="behavior_nodes_console.cpp">
      <Filter>behavior</Filter>
    </ClCompile>
  </ItemGroup>
  <ItemGroup>
    <None Include="vcpkg.json" />
  </ItemGroup>
  <ItemGroup>
    <ClInclude Include="stdafx.h" />
    <ClInclude Include="ui.h">
      <Filter>ui</Filter>
    </ClInclude>
    <ClInclude Include="ecs_tiles.h">
      <Filter>ecs</Filter>
    </ClInclude>
    <ClInclude Include="ui_bindings.h">
      <Filter>ui</Filter>
    </ClInclude>
    <ClInclude Include="map.h">
      <Filter>map</Filter>
    </ClInclude>
    <ClInclude Include="math_vectors.h">
      <Filter>math</Filter>
    </ClInclude>
    <ClInclude Include="audio.h">
      <Filter>audio</Filter>
    </ClInclude>
    <ClInclude Include="console.h">
      <Filter>console</Filter>
    </ClInclude>
    <ClInclude Include="physics_debug.h">
      <Filter>physics</Filter>
    </ClInclude>
    <ClInclude Include="behavior.h">
      <Filter>behavior</Filter>
    </ClInclude>
    <ClInclude Include="physics.h">
      <Filter>physics</Filter>
    </ClInclude>
    <ClInclude Include="ecs.h">
      <Filter>ecs</Filter>
    </ClInclude>
    <ClInclude Include="ecs_common.h">
      <Filter>ecs</Filter>
    </ClInclude>
    <ClInclude Include="map_internal.h">
      <Filter>map</Filter>
    </ClInclude>
    <ClInclude Include="ecs_behaviors.h">
      <Filter>ecs</Filter>
    </ClInclude>
    <ClInclude Include="RmlUi_Renderer_GL2.h">
      <Filter>ui\rml</Filter>
    </ClInclude>
    <ClInclude Include="RmlUi_Include_Windows.h">
      <Filter>ui\rml</Filter>
    </ClInclude>
    <ClInclude Include="RmlUi_Platform_SFML.h">
      <Filter>ui\rml</Filter>
    </ClInclude>
    <ClInclude Include="RmlUi_Renderer_GL2_SFML.h">
      <Filter>ui\rml</Filter>
    </ClInclude>
    <ClInclude Include="ecs_player.h">
      <Filter>ecs</Filter>
    </ClInclude>
    <ClInclude Include="ecs_physics.h">
      <Filter>ecs</Filter>
    </ClInclude>
    <ClInclude Include="behavior_nodes.h">
      <Filter>behavior</Filter>
    </ClInclude>
  </ItemGroup>
  <ItemGroup>
    <Filter Include="ecs">
      <UniqueIdentifier>{f1d0e233-c8b6-45ea-9899-c05d6aa201d9}</UniqueIdentifier>
    </Filter>
    <Filter Include="map">
      <UniqueIdentifier>{7ff8c929-179f-49c5-bccc-7bcfd599952e}</UniqueIdentifier>
    </Filter>
    <Filter Include="math">
      <UniqueIdentifier>{fff1760b-f79a-4c10-886f-a39f2230c48d}</UniqueIdentifier>
    </Filter>
    <Filter Include="audio">
      <UniqueIdentifier>{1da6159c-bc5a-43d9-9e98-d5e1e32a5579}</UniqueIdentifier>
    </Filter>
    <Filter Include="console">
      <UniqueIdentifier>{c1397a93-51e2-4458-ab20-242be6dbecef}</UniqueIdentifier>
    </Filter>
    <Filter Include="physics">
      <UniqueIdentifier>{27d29c38-832a-492b-a39c-7054ff93afad}</UniqueIdentifier>
    </Filter>
    <Filter Include="behavior">
      <UniqueIdentifier>{e9215716-816e-4e89-b7f4-716d8fb5a9d5}</UniqueIdentifier>
    </Filter>
    <Filter Include="ui">
      <UniqueIdentifier>{c3167945-45a3-4c9c-ad21-9950dd64fdfc}</UniqueIdentifier>
    </Filter>
    <Filter Include="ui\rml">
      <UniqueIdentifier>{134e0648-b6e8-466e-8524-bb93caffb9c3}</UniqueIdentifier>
    </Filter>
  </ItemGroup>
</Project>