<?xml version="1.0" encoding="utf-8"?>
<Project ToolsVersion="4.0" xmlns="http://schemas.microsoft.com/developer/msbuild/2003">
  <ItemGroup>
    <ClCompile Include="main.cpp" />
    <ClCompile Include="stdafx.cpp" />
    <ClCompile Include="RmlUi_Backend_SFML_GL2.cpp">
      <Filter>rml</Filter>
    </ClCompile>
    <ClCompile Include="RmlUi_Platform_SFML.cpp">
      <Filter>rml</Filter>
    </ClCompile>
    <ClCompile Include="RmlUi_Renderer_GL2.cpp">
      <Filter>rml</Filter>
    </ClCompile>
    <ClCompile Include="rml.cpp">
      <Filter>rml</Filter>
    </ClCompile>
    <ClCompile Include="game.cpp" />
    <ClCompile Include="ecs_tiles.cpp">
      <Filter>ecs</Filter>
    </ClCompile>
    <ClCompile Include="rml_data_bindings.cpp">
      <Filter>rml</Filter>
    </ClCompile>
    <ClCompile Include="console.cpp" />
    <ClCompile Include="map.cpp">
      <Filter>map</Filter>
    </ClCompile>
    <ClCompile Include="math_vectors.cpp">
      <Filter>math</Filter>
    </ClCompile>
  </ItemGroup>
  <ItemGroup>
    <None Include="vcpkg.json" />
  </ItemGroup>
  <ItemGroup>
    <ClInclude Include="stdafx.h" />
    <ClInclude Include="RmlUi_Renderer_GL2.h">
      <Filter>rml</Filter>
    </ClInclude>
    <ClInclude Include="RmlUi_Backend.h">
      <Filter>rml</Filter>
    </ClInclude>
    <ClInclude Include="RmlUi_Include_Windows.h">
      <Filter>rml</Filter>
    </ClInclude>
    <ClInclude Include="RmlUi_Platform_SFML.h">
      <Filter>rml</Filter>
    </ClInclude>
    <ClInclude Include="rml.h">
      <Filter>rml</Filter>
    </ClInclude>
    <ClInclude Include="game.h" />
    <ClInclude Include="ecs_tiles.h">
      <Filter>ecs</Filter>
    </ClInclude>
    <ClInclude Include="rml_data_bindings.h">
      <Filter>rml</Filter>
    </ClInclude>
    <ClInclude Include="console.h" />
    <ClInclude Include="map.h">
      <Filter>map</Filter>
    </ClInclude>
    <ClInclude Include="math_vectors.h">
      <Filter>math</Filter>
    </ClInclude>
  </ItemGroup>
  <ItemGroup>
    <Filter Include="rml">
      <UniqueIdentifier>{c3167945-45a3-4c9c-ad21-9950dd64fdfc}</UniqueIdentifier>
    </Filter>
    <Filter Include="ecs">
      <UniqueIdentifier>{f1d0e233-c8b6-45ea-9899-c05d6aa201d9}</UniqueIdentifier>
    </Filter>
    <Filter Include="map">
      <UniqueIdentifier>{7ff8c929-179f-49c5-bccc-7bcfd599952e}</UniqueIdentifier>
    </Filter>
    <Filter Include="math">
      <UniqueIdentifier>{fff1760b-f79a-4c10-886f-a39f2230c48d}</UniqueIdentifier>
    </Filter>
  </ItemGroup>
</Project>