<?xml version="1.0" encoding="utf-8"?>
<Project ToolsVersion="4.0" xmlns="http://schemas.microsoft.com/developer/msbuild/2003">
  <ItemGroup>
    <ClCompile Include="main.cpp" />
    <ClCompile Include="stdafx.cpp" />
    <ClCompile Include="map.cpp" />
    <ClCompile Include="RmlUi_Backend_SFML_GL2.cpp">
      <Filter>html</Filter>
    </ClCompile>
    <ClCompile Include="RmlUi_Platform_SFML.cpp">
      <Filter>html</Filter>
    </ClCompile>
    <ClCompile Include="RmlUi_Renderer_GL2.cpp">
      <Filter>html</Filter>
    </ClCompile>
    <ClCompile Include="html.cpp">
      <Filter>html</Filter>
    </ClCompile>
  </ItemGroup>
  <ItemGroup>
    <None Include="vcpkg.json" />
  </ItemGroup>
  <ItemGroup>
    <ClInclude Include="stdafx.h" />
    <ClInclude Include="map.h" />
    <ClInclude Include="RmlUi_Renderer_GL2.h">
      <Filter>html</Filter>
    </ClInclude>
    <ClInclude Include="RmlUi_Backend.h">
      <Filter>html</Filter>
    </ClInclude>
    <ClInclude Include="RmlUi_Include_Windows.h">
      <Filter>html</Filter>
    </ClInclude>
    <ClInclude Include="RmlUi_Platform_SFML.h">
      <Filter>html</Filter>
    </ClInclude>
    <ClInclude Include="html.h">
      <Filter>html</Filter>
    </ClInclude>
  </ItemGroup>
  <ItemGroup>
    <Filter Include="html">
      <UniqueIdentifier>{c3167945-45a3-4c9c-ad21-9950dd64fdfc}</UniqueIdentifier>
    </Filter>
  </ItemGroup>
</Project>